<?xml version="1.0" encoding="UTF-8" standalone="yes" ?>
<CodeBlocks_project_file>
	<FileVersion major="1" minor="6" />
	<Project>
		<Option title="cann" />
		<Option pch_mode="2" />
		<Option compiler="gcc" />
		<Build>
			<Target title="Debug">
				<Option output="bin/Debug/cann" prefix_auto="1" extension_auto="1" />
				<Option object_output="obj/Debug/" />
				<Option type="1" />
				<Option compiler="gcc" />
				<Compiler>
					<Add option="-g" />
					<Add directory="include" />
				</Compiler>
			</Target>
			<Target title="Release">
				<Option output="bin/Release/cann" prefix_auto="1" extension_auto="1" />
				<Option object_output="obj/Release/" />
				<Option type="1" />
				<Option compiler="gcc" />
				<Compiler>
					<Add option="-O2" />
					<Add directory="include" />
				</Compiler>
				<Linker>
					<Add option="-s" />
				</Linker>
			</Target>
		</Build>
		<Compiler>
			<Add option="-Wall" />
			<Add option="-fexceptions" />
		</Compiler>
		<Unit filename="include/Activator.h" />
		<Unit filename="include/CoordinateMap.h" />
		<Unit filename="include/Mf4DTensor.h" />
		<Unit filename="include/MfAnnLayer.h" />
		<Unit filename="include/MfBitMapsConverter.h" />
		<Unit filename="include/MfCnnLayer.h" />
		<Unit filename="include/MfDataReader.h" />
		<Unit filename="include/MfDoubleMatrix.h" />
		<Unit filename="include/MfDoubleMatrixArray.h" />
		<Unit filename="include/MfFullAnn.h" />
		<Unit filename="include/MfFullCnn.h" />
		<Unit filename="include/MfIntArray.h" />
		<Unit filename="include/MfRnnLayer.h" />
		<Unit filename="include/MfSize.h" />
		<Unit filename="main.cpp" />
		<Unit filename="src/Activator.cpp" />
		<Unit filename="src/CoordinateMap.cpp" />
		<Unit filename="src/Mf4DTensor.cpp" />
		<Unit filename="src/MfAnnLayer.cpp" />
		<Unit filename="src/MfBitMapsConverter.cpp" />
		<Unit filename="src/MfCnnLayer.cpp" />
		<Unit filename="src/MfDataReader.cpp" />
		<Unit filename="src/MfDoubleMatrix.cpp" />
		<Unit filename="src/MfDoubleMatrixArray.cpp" />
		<Unit filename="src/MfFullAnn.cpp" />
		<Unit filename="src/MfFullCnn.cpp" />
		<Unit filename="src/MfIntArray.cpp" />
		<Unit filename="src/MfRnnLayer.cpp" />
		<Unit filename="src/MfSize.cpp" />
		<Extensions />
	</Project>
</CodeBlocks_project_file>
